
Microsoft Visual Studio Solution File, Format Version 12.00
# Visual Studio Version 17
VisualStudioVersion = 17.11.35327.3
MinimumVisualStudioVersion = 10.0.40219.1
Project("{FAE04EC0-301F-11D3-BF4B-00C04F79EFBC}") = "Arsa_Yonetimi", "Arsa_Yonetimi\Arsa_Yonetimi.csproj", "{C81FC3AE-7654-47E7-952B-68A151EB39A4}"
EndProject
Global
	GlobalSection(SolutionConfigurationPlatforms) = preSolution
		Debug|Any CPU = Debug|Any CPU
		Release|Any CPU = Release|Any CPU
	EndGlobalSection
	GlobalSection(ProjectConfigurationPlatforms) = postSolution
		{C81FC3AE-7654-47E7-952B-68A151EB39A4}.Debug|Any CPU.ActiveCfg = Debug|Any CPU
		{C81FC3AE-7654-47E7-952B-68A151EB39A4}.Debug|Any CPU.Build.0 = Debug|Any CPU
		{C81FC3AE-7654-47E7-952B-68A151EB39A4}.Release|Any CPU.ActiveCfg = Release|Any CPU
		{C81FC3AE-7654-47E7-952B-68A151EB39A4}.Release|Any CPU.Build.0 = Release|Any CPU
	EndGlobalSection
	GlobalSection(SolutionProperties) = preSolution
		HideSolutionNode = FALSE
	EndGlobalSection
	GlobalSection(ExtensibilityGlobals) = postSolution
		SolutionGuid = {B7AB737E-AB1D-46E4-AF8F-D35E82CDF38B}
	EndGlobalSection
EndGlobal
